
Microsoft Visual Studio Solution File, Format Version 12.00
Project("{FAE04EC0-301F-11D3-BF4B-00C04F79EFBC}") = "TrxToHtml", "TrxToHtml\TrxToHtml.csproj", "{D34DC568-8F5A-4688-BD1B-50B1BDD205AE}"
EndProject
Global
	GlobalSection(SolutionConfigurationPlatforms) = preSolution
		Debug|Any CPU = Debug|Any CPU
		Release|Any CPU = Release|Any CPU
	EndGlobalSection
	GlobalSection(ProjectConfigurationPlatforms) = postSolution
		{D34DC568-8F5A-4688-BD1B-50B1BDD205AE}.Debug|Any CPU.ActiveCfg = Debug|Any CPU
		{D34DC568-8F5A-4688-BD1B-50B1BDD205AE}.Debug|Any CPU.Build.0 = Debug|Any CPU
		{D34DC568-8F5A-4688-BD1B-50B1BDD205AE}.Release|Any CPU.ActiveCfg = Release|Any CPU
		{D34DC568-8F5A-4688-BD1B-50B1BDD205AE}.Release|Any CPU.Build.0 = Release|Any CPU
	EndGlobalSection
EndGlobal
